
Microsoft Visual Studio Solution File, Format Version 12.00
# Visual Studio Version 17
VisualStudioVersion = 17.6.33815.320
MinimumVisualStudioVersion = 10.0.40219.1
Project("{8BC9CEB8-8B4A-11D0-8D11-00A0C91BC942}") = "Project1", "Project1\Project1.vcxproj", "{BFA46A5D-4C8B-42C6-98E3-3C7A87887B33}"
EndProject
Project("{8BC9CEB8-8B4A-11D0-8D11-00A0C91BC942}") = "Project2", "Project2\Project2.vcxproj", "{00666935-4CC5-45DD-9140-EC94809EBB3B}"
EndProject
Project("{8BC9CEB8-8B4A-11D0-8D11-00A0C91BC942}") = "Project3", "Project3\Project3.vcxproj", "{65BB6823-2545-400A-B008-FD6DC0BEC0A7}"
EndProject
Project("{8BC9CEB8-8B4A-11D0-8D11-00A0C91BC942}") = "Project4", "Project4\Project4.vcxproj", "{03E4AF80-6BEC-4480-BBBE-E0EBDAE49BF7}"
EndProject
Project("{8BC9CEB8-8B4A-11D0-8D11-00A0C91BC942}") = "Project5", "Project5\Project5.vcxproj", "{4868EFA1-7898-4645-97BF-4B130F0918B4}"
EndProject
Project("{8BC9CEB8-8B4A-11D0-8D11-00A0C91BC942}") = "Project6", "Project6\Project6.vcxproj", "{7E6F41F7-6398-4ED5-99DF-C7EC34699902}"
EndProject
Project("{8BC9CEB8-8B4A-11D0-8D11-00A0C91BC942}") = "Project7", "Project7\Project7.vcxproj", "{4ED27A1F-9858-4321-A465-FFD64C237618}"
EndProject
Project("{8BC9CEB8-8B4A-11D0-8D11-00A0C91BC942}") = "Project8", "Project8\Project8.vcxproj", "{E09A6FA4-76F0-404A-8168-F7829C1810B6}"
EndProject
Project("{8BC9CEB8-8B4A-11D0-8D11-00A0C91BC942}") = "Project9", "Project9\Project9.vcxproj", "{CF75B34B-B94E-4F27-9B38-930766608D3F}"
EndProject
Project("{8BC9CEB8-8B4A-11D0-8D11-00A0C91BC942}") = "Project10", "Project10\Project10.vcxproj", "{D16C08AB-24D0-4214-A265-E5861C611EBC}"
EndProject
Project("{8BC9CEB8-8B4A-11D0-8D11-00A0C91BC942}") = "Project11", "Project11\Project11.vcxproj", "{0DB19F01-F3CA-483F-A4CE-656FE5173F0A}"
EndProject
Global
	GlobalSection(SolutionConfigurationPlatforms) = preSolution
		Debug|x64 = Debug|x64
		Debug|x86 = Debug|x86
		Release|x64 = Release|x64
		Release|x86 = Release|x86
	EndGlobalSection
	GlobalSection(ProjectConfigurationPlatforms) = postSolution
		{BFA46A5D-4C8B-42C6-98E3-3C7A87887B33}.Debug|x64.ActiveCfg = Debug|x64
		{BFA46A5D-4C8B-42C6-98E3-3C7A87887B33}.Debug|x64.Build.0 = Debug|x64
		{BFA46A5D-4C8B-42C6-98E3-3C7A87887B33}.Debug|x86.ActiveCfg = Debug|Win32
		{BFA46A5D-4C8B-42C6-98E3-3C7A87887B33}.Debug|x86.Build.0 = Debug|Win32
		{BFA46A5D-4C8B-42C6-98E3-3C7A87887B33}.Release|x64.ActiveCfg = Release|x64
		{BFA46A5D-4C8B-42C6-98E3-3C7A87887B33}.Release|x64.Build.0 = Release|x64
		{BFA46A5D-4C8B-42C6-98E3-3C7A87887B33}.Release|x86.ActiveCfg = Release|Win32
		{BFA46A5D-4C8B-42C6-98E3-3C7A87887B33}.Release|x86.Build.0 = Release|Win32
		{00666935-4CC5-45DD-9140-EC94809EBB3B}.Debug|x64.ActiveCfg = Debug|x64
		{00666935-4CC5-45DD-9140-EC94809EBB3B}.Debug|x64.Build.0 = Debug|x64
		{00666935-4CC5-45DD-9140-EC94809EBB3B}.Debug|x86.ActiveCfg = Debug|Win32
		{00666935-4CC5-45DD-9140-EC94809EBB3B}.Debug|x86.Build.0 = Debug|Win32
		{00666935-4CC5-45DD-9140-EC94809EBB3B}.Release|x64.ActiveCfg = Release|x64
		{00666935-4CC5-45DD-9140-EC94809EBB3B}.Release|x64.Build.0 = Release|x64
		{00666935-4CC5-45DD-9140-EC94809EBB3B}.Release|x86.ActiveCfg = Release|Win32
		{00666935-4CC5-45DD-9140-EC94809EBB3B}.Release|x86.Build.0 = Release|Win32
		{65BB6823-2545-400A-B008-FD6DC0BEC0A7}.Debug|x64.ActiveCfg = Debug|x64
		{65BB6823-2545-400A-B008-FD6DC0BEC0A7}.Debug|x64.Build.0 = Debug|x64
		{65BB6823-2545-400A-B008-FD6DC0BEC0A7}.Debug|x86.ActiveCfg = Debug|Win32
		{65BB6823-2545-400A-B008-FD6DC0BEC0A7}.Debug|x86.Build.0 = Debug|Win32
		{65BB6823-2545-400A-B008-FD6DC0BEC0A7}.Release|x64.ActiveCfg = Release|x64
		{65BB6823-2545-400A-B008-FD6DC0BEC0A7}.Release|x64.Build.0 = Release|x64
		{65BB6823-2545-400A-B008-FD6DC0BEC0A7}.Release|x86.ActiveCfg = Release|Win32
		{65BB6823-2545-400A-B008-FD6DC0BEC0A7}.Release|x86.Build.0 = Release|Win32
		{03E4AF80-6BEC-4480-BBBE-E0EBDAE49BF7}.Debug|x64.ActiveCfg = Debug|x64
		{03E4AF80-6BEC-4480-BBBE-E0EBDAE49BF7}.Debug|x64.Build.0 = Debug|x64
		{03E4AF80-6BEC-4480-BBBE-E0EBDAE49BF7}.Debug|x86.ActiveCfg = Debug|Win32
		{03E4AF80-6BEC-4480-BBBE-E0EBDAE49BF7}.Debug|x86.Build.0 = Debug|Win32
		{03E4AF80-6BEC-4480-BBBE-E0EBDAE49BF7}.Release|x64.ActiveCfg = Release|x64
		{03E4AF80-6BEC-4480-BBBE-E0EBDAE49BF7}.Release|x64.Build.0 = Release|x64
		{03E4AF80-6BEC-4480-BBBE-E0EBDAE49BF7}.Release|x86.ActiveCfg = Release|Win32
		{03E4AF80-6BEC-4480-BBBE-E0EBDAE49BF7}.Release|x86.Build.0 = Release|Win32
		{4868EFA1-7898-4645-97BF-4B130F0918B4}.Debug|x64.ActiveCfg = Debug|x64
		{4868EFA1-7898-4645-97BF-4B130F0918B4}.Debug|x64.Build.0 = Debug|x64
		{4868EFA1-7898-4645-97BF-4B130F0918B4}.Debug|x86.ActiveCfg = Debug|Win32
		{4868EFA1-7898-4645-97BF-4B130F0918B4}.Debug|x86.Build.0 = Debug|Win32
		{4868EFA1-7898-4645-97BF-4B130F0918B4}.Release|x64.ActiveCfg = Release|x64
		{4868EFA1-7898-4645-97BF-4B130F0918B4}.Release|x64.Build.0 = Release|x64
		{4868EFA1-7898-4645-97BF-4B130F0918B4}.Release|x86.ActiveCfg = Release|Win32
		{4868EFA1-7898-4645-97BF-4B130F0918B4}.Release|x86.Build.0 = Release|Win32
		{7E6F41F7-6398-4ED5-99DF-C7EC34699902}.Debug|x64.ActiveCfg = Debug|x64
		{7E6F41F7-6398-4ED5-99DF-C7EC34699902}.Debug|x64.Build.0 = Debug|x64
		{7E6F41F7-6398-4ED5-99DF-C7EC34699902}.Debug|x86.ActiveCfg = Debug|Win32
		{7E6F41F7-6398-4ED5-99DF-C7EC34699902}.Debug|x86.Build.0 = Debug|Win32
		{7E6F41F7-6398-4ED5-99DF-C7EC34699902}.Release|x64.ActiveCfg = Release|x64
		{7E6F41F7-6398-4ED5-99DF-C7EC34699902}.Release|x64.Build.0 = Release|x64
		{7E6F41F7-6398-4ED5-99DF-C7EC34699902}.Release|x86.ActiveCfg = Release|Win32
		{7E6F41F7-6398-4ED5-99DF-C7EC34699902}.Release|x86.Build.0 = Release|Win32
		{4ED27A1F-9858-4321-A465-FFD64C237618}.Debug|x64.ActiveCfg = Debug|x64
		{4ED27A1F-9858-4321-A465-FFD64C237618}.Debug|x64.Build.0 = Debug|x64
		{4ED27A1F-9858-4321-A465-FFD64C237618}.Debug|x86.ActiveCfg = Debug|Win32
		{4ED27A1F-9858-4321-A465-FFD64C237618}.Debug|x86.Build.0 = Debug|Win32
		{4ED27A1F-9858-4321-A465-FFD64C237618}.Release|x64.ActiveCfg = Release|x64
		{4ED27A1F-9858-4321-A465-FFD64C237618}.Release|x64.Build.0 = Release|x64
		{4ED27A1F-9858-4321-A465-FFD64C237618}.Release|x86.ActiveCfg = Release|Win32
		{4ED27A1F-9858-4321-A465-FFD64C237618}.Release|x86.Build.0 = Release|Win32
		{E09A6FA4-76F0-404A-8168-F7829C1810B6}.Debug|x64.ActiveCfg = Debug|x64
		{E09A6FA4-76F0-404A-8168-F7829C1810B6}.Debug|x64.Build.0 = Debug|x64
		{E09A6FA4-76F0-404A-8168-F7829C1810B6}.Debug|x86.ActiveCfg = Debug|Win32
		{E09A6FA4-76F0-404A-8168-F7829C1810B6}.Debug|x86.Build.0 = Debug|Win32
		{E09A6FA4-76F0-404A-8168-F7829C1810B6}.Release|x64.ActiveCfg = Release|x64
		{E09A6FA4-76F0-404A-8168-F7829C1810B6}.Release|x64.Build.0 = Release|x64
		{E09A6FA4-76F0-404A-8168-F7829C1810B6}.Release|x86.ActiveCfg = Release|Win32
		{E09A6FA4-76F0-404A-8168-F7829C1810B6}.Release|x86.Build.0 = Release|Win32
		{CF75B34B-B94E-4F27-9B38-930766608D3F}.Debug|x64.ActiveCfg = Debug|x64
		{CF75B34B-B94E-4F27-9B38-930766608D3F}.Debug|x64.Build.0 = Debug|x64
		{CF75B34B-B94E-4F27-9B38-930766608D3F}.Debug|x86.ActiveCfg = Debug|Win32
		{CF75B34B-B94E-4F27-9B38-930766608D3F}.Debug|x86.Build.0 = Debug|Win32
		{CF75B34B-B94E-4F27-9B38-930766608D3F}.Release|x64.ActiveCfg = Release|x64
		{CF75B34B-B94E-4F27-9B38-930766608D3F}.Release|x64.Build.0 = Release|x64
		{CF75B34B-B94E-4F27-9B38-930766608D3F}.Release|x86.ActiveCfg = Release|Win32
		{CF75B34B-B94E-4F27-9B38-930766608D3F}.Release|x86.Build.0 = Release|Win32
		{D16C08AB-24D0-4214-A265-E5861C611EBC}.Debug|x64.ActiveCfg = Debug|x64
		{D16C08AB-24D0-4214-A265-E5861C611EBC}.Debug|x64.Build.0 = Debug|x64
		{D16C08AB-24D0-4214-A265-E5861C611EBC}.Debug|x86.ActiveCfg = Debug|Win32
		{D16C08AB-24D0-4214-A265-E5861C611EBC}.Debug|x86.Build.0 = Debug|Win32
		{D16C08AB-24D0-4214-A265-E5861C611EBC}.Release|x64.ActiveCfg = Release|x64
		{D16C08AB-24D0-4214-A265-E5861C611EBC}.Release|x64.Build.0 = Release|x64
		{D16C08AB-24D0-4214-A265-E5861C611EBC}.Release|x86.ActiveCfg = Release|Win32
		{D16C08AB-24D0-4214-A265-E5861C611EBC}.Release|x86.Build.0 = Release|Win32
		{0DB19F01-F3CA-483F-A4CE-656FE5173F0A}.Debug|x64.ActiveCfg = Debug|x64
		{0DB19F01-F3CA-483F-A4CE-656FE5173F0A}.Debug|x64.Build.0 = Debug|x64
		{0DB19F01-F3CA-483F-A4CE-656FE5173F0A}.Debug|x86.ActiveCfg = Debug|Win32
		{0DB19F01-F3CA-483F-A4CE-656FE5173F0A}.Debug|x86.Build.0 = Debug|Win32
		{0DB19F01-F3CA-483F-A4CE-656FE5173F0A}.Release|x64.ActiveCfg = Release|x64
		{0DB19F01-F3CA-483F-A4CE-656FE5173F0A}.Release|x64.Build.0 = Release|x64
		{0DB19F01-F3CA-483F-A4CE-656FE5173F0A}.Release|x86.ActiveCfg = Release|Win32
		{0DB19F01-F3CA-483F-A4CE-656FE5173F0A}.Release|x86.Build.0 = Release|Win32
	EndGlobalSection
	GlobalSection(SolutionProperties) = preSolution
		HideSolutionNode = FALSE
	EndGlobalSection
	GlobalSection(ExtensibilityGlobals) = postSolution
		SolutionGuid = {8214FD2E-41BC-4F65-9D70-9D9387048FB7}
	EndGlobalSection
EndGlobal
